
Microsoft Visual Studio Solution File, Format Version 12.00
# Visual Studio 15
VisualStudioVersion = 15.0.27130.2024
MinimumVisualStudioVersion = 10.0.40219.1
Project("{FAE04EC0-301F-11D3-BF4B-00C04F79EFBC}") = "CSVConverter - Grady", "CSVConverter - Grady\CSVConverter - Grady.csproj", "{F114CE2A-8627-441A-BF3E-7F9B007A1788}"
EndProject
Global
	GlobalSection(SolutionConfigurationPlatforms) = preSolution
		Debug|Any CPU = Debug|Any CPU
		Release|Any CPU = Release|Any CPU
	EndGlobalSection
	GlobalSection(ProjectConfigurationPlatforms) = postSolution
		{F114CE2A-8627-441A-BF3E-7F9B007A1788}.Debug|Any CPU.ActiveCfg = Debug|Any CPU
		{F114CE2A-8627-441A-BF3E-7F9B007A1788}.Debug|Any CPU.Build.0 = Debug|Any CPU
		{F114CE2A-8627-441A-BF3E-7F9B007A1788}.Release|Any CPU.ActiveCfg = Release|Any CPU
		{F114CE2A-8627-441A-BF3E-7F9B007A1788}.Release|Any CPU.Build.0 = Release|Any CPU
	EndGlobalSection
	GlobalSection(SolutionProperties) = preSolution
		HideSolutionNode = FALSE
	EndGlobalSection
	GlobalSection(ExtensibilityGlobals) = postSolution
		SolutionGuid = {0CBEC060-F928-44D9-8234-0BF49C6A72CB}
	EndGlobalSection
EndGlobal
